
Microsoft Visual Studio Solution File, Format Version 12.00
# Visual Studio Version 17
VisualStudioVersion = 17.8.34511.84
MinimumVisualStudioVersion = 10.0.40219.1
Project("{FAE04EC0-301F-11D3-BF4B-00C04F79EFBC}") = "CG", "CG\CG.csproj", "{9C68FAD2-CD22-405C-A233-ABF1030FB5C4}"
EndProject
Global
	GlobalSection(SolutionConfigurationPlatforms) = preSolution
		Debug|Any CPU = Debug|Any CPU
		Release|Any CPU = Release|Any CPU
	EndGlobalSection
	GlobalSection(ProjectConfigurationPlatforms) = postSolution
		{9C68FAD2-CD22-405C-A233-ABF1030FB5C4}.Debug|Any CPU.ActiveCfg = Debug|Any CPU
		{9C68FAD2-CD22-405C-A233-ABF1030FB5C4}.Debug|Any CPU.Build.0 = Debug|Any CPU
		{9C68FAD2-CD22-405C-A233-ABF1030FB5C4}.Release|Any CPU.ActiveCfg = Release|Any CPU
		{9C68FAD2-CD22-405C-A233-ABF1030FB5C4}.Release|Any CPU.Build.0 = Release|Any CPU
	EndGlobalSection
	GlobalSection(SolutionProperties) = preSolution
		HideSolutionNode = FALSE
	EndGlobalSection
	GlobalSection(ExtensibilityGlobals) = postSolution
		SolutionGuid = {2E1CF9E7-4F08-49E3-BA1F-5C0DA2A0ACD7}
	EndGlobalSection
EndGlobal
